// !$*UTF8*$!
{
	archiveVersion = 1;
	classes = {
	};
	objectVersion = 50;
	objects = {

/* Begin PBXBuildFile section */
		186926D7223784E300A60CF7 /* AudioPlayerViewController.m in Sources */ = {isa = PBXBuildFile; fileRef = 186926D6223784E300A60CF7 /* AudioPlayerViewController.m */; };
		186926D92237859800A60CF7 /* audio.mp3 in Resources */ = {isa = PBXBuildFile; fileRef = 186926D82237859800A60CF7 /* audio.mp3 */; };
		189638832232616000295608 /* AppDelegate.m in Sources */ = {isa = PBXBuildFile; fileRef = 189638822232616000295608 /* AppDelegate.m */; };
		189638862232616000295608 /* ViewController.m in Sources */ = {isa = PBXBuildFile; fileRef = 189638852232616000295608 /* ViewController.m */; };
		189638892232616000295608 /* Main.storyboard in Resources */ = {isa = PBXBuildFile; fileRef = 189638872232616000295608 /* Main.storyboard */; };
		1896388B2232616500295608 /* Assets.xcassets in Resources */ = {isa = PBXBuildFile; fileRef = 1896388A2232616500295608 /* Assets.xcassets */; };
		1896388E2232616500295608 /* LaunchScreen.storyboard in Resources */ = {isa = PBXBuildFile; fileRef = 1896388C2232616500295608 /* LaunchScreen.storyboard */; };
		189638912232616500295608 /* main.m in Sources */ = {isa = PBXBuildFile; fileRef = 189638902232616500295608 /* main.m */; };
		189638982232618300295608 /* 3idiotd.mp4 in Resources */ = {isa = PBXBuildFile; fileRef = 189638972232618300295608 /* 3idiotd.mp4 */; };
		1896389C223261C500295608 /* AVKit.framework in Frameworks */ = {isa = PBXBuildFile; fileRef = 1896389A223261C400295608 /* AVKit.framework */; };
		1896389D223261C500295608 /* AVFoundation.framework in Frameworks */ = {isa = PBXBuildFile; fileRef = 1896389B223261C400295608 /* AVFoundation.framework */; };
/* End PBXBuildFile section */

/* Begin PBXFileReference section */
		186926D5223784E300A60CF7 /* AudioPlayerViewController.h */ = {isa = PBXFileReference; lastKnownFileType = sourcecode.c.h; path = AudioPlayerViewController.h; sourceTree = "<group>"; };
		186926D6223784E300A60CF7 /* AudioPlayerViewController.m */ = {isa = PBXFileReference; lastKnownFileType = sourcecode.c.objc; path = AudioPlayerViewController.m; sourceTree = "<group>"; };
		186926D82237859800A60CF7 /* audio.mp3 */ = {isa = PBXFileReference; lastKnownFileType = audio.mp3; path = audio.mp3; sourceTree = "<group>"; };
		1896387E2232616000295608 /* VideoPlayerDemo.app */ = {isa = PBXFileReference; explicitFileType = wrapper.application; includeInIndex = 0; path = VideoPlayerDemo.app; sourceTree = BUILT_PRODUCTS_DIR; };
		189638812232616000295608 /* AppDelegate.h */ = {isa = PBXFileReference; lastKnownFileType = sourcecode.c.h; path = AppDelegate.h; sourceTree = "<group>"; };
		189638822232616000295608 /* AppDelegate.m */ = {isa = PBXFileReference; lastKnownFileType = sourcecode.c.objc; path = AppDelegate.m; sourceTree = "<group>"; };
		189638842232616000295608 /* ViewController.h */ = {isa = PBXFileReference; lastKnownFileType = sourcecode.c.h; path = ViewController.h; sourceTree = "<group>"; };
		189638852232616000295608 /* ViewController.m */ = {isa = PBXFileReference; lastKnownFileType = sourcecode.c.objc; path = ViewController.m; sourceTree = "<group>"; };
		189638882232616000295608 /* Base */ = {isa = PBXFileReference; lastKnownFileType = file.storyboard; name = Base; path = Base.lproj/Main.storyboard; sourceTree = "<group>"; };
		1896388A2232616500295608 /* Assets.xcassets */ = {isa = PBXFileReference; lastKnownFileType = folder.assetcatalog; path = Assets.xcassets; sourceTree = "<group>"; };
		1896388D2232616500295608 /* Base */ = {isa = PBXFileReference; lastKnownFileType = file.storyboard; name = Base; path = Base.lproj/LaunchScreen.storyboard; sourceTree = "<group>"; };
		1896388F2232616500295608 /* Info.plist */ = {isa = PBXFileReference; lastKnownFileType = text.plist.xml; path = Info.plist; sourceTree = "<group>"; };
		189638902232616500295608 /* main.m */ = {isa = PBXFileReference; lastKnownFileType = sourcecode.c.objc; path = main.m; sourceTree = "<group>"; };
		189638972232618300295608 /* 3idiotd.mp4 */ = {isa = PBXFileReference; lastKnownFileType = file; path = 3idiotd.mp4; sourceTree = "<group>"; };
		1896389A223261C400295608 /* AVKit.framework */ = {isa = PBXFileReference; lastKnownFileType = wrapper.framework; name = AVKit.framework; path = System/Library/Frameworks/AVKit.framework; sourceTree = SDKROOT; };
		1896389B223261C400295608 /* AVFoundation.framework */ = {isa = PBXFileReference; lastKnownFileType = wrapper.framework; name = AVFoundation.framework; path = System/Library/Frameworks/AVFoundation.framework; sourceTree = SDKROOT; };
/* End PBXFileReference section */

/* Begin PBXFrameworksBuildPhase section */
		1896387B2232616000295608 /* Frameworks */ = {
			isa = PBXFrameworksBuildPhase;
			buildActionMask = 2147483647;
			files = (
				1896389C223261C500295608 /* AVKit.framework in Frameworks */,
				1896389D223261C500295608 /* AVFoundation.framework in Frameworks */,
			);
			runOnlyForDeploymentPostprocessing = 0;
		};
/* End PBXFrameworksBuildPhase section */

/* Begin PBXGroup section */
		189638752232616000295608 = {
			isa = PBXGroup;
			children = (
				189638802232616000295608 /* VideoPlayerDemo */,
				1896387F2232616000295608 /* Products */,
				18963899223261C400295608 /* Frameworks */,
			);
			sourceTree = "<group>";
		};
		1896387F2232616000295608 /* Products */ = {
			isa = PBXGroup;
			children = (
				1896387E2232616000295608 /* VideoPlayerDemo.app */,
			);
			name = Products;
			sourceTree = "<group>";
		};
		189638802232616000295608 /* VideoPlayerDemo */ = {
			isa = PBXGroup;
			children = (
				186926D82237859800A60CF7 /* audio.mp3 */,
				189638972232618300295608 /* 3idiotd.mp4 */,
				189638812232616000295608 /* AppDelegate.h */,
				189638822232616000295608 /* AppDelegate.m */,
				189638842232616000295608 /* ViewController.h */,
				189638852232616000295608 /* ViewController.m */,
				189638872232616000295608 /* Main.storyboard */,
				1896388A2232616500295608 /* Assets.xcassets */,
				1896388C2232616500295608 /* LaunchScreen.storyboard */,
				1896388F2232616500295608 /* Info.plist */,
				189638902232616500295608 /* main.m */,
				186926D5223784E300A60CF7 /* AudioPlayerViewController.h */,
				186926D6223784E300A60CF7 /* AudioPlayerViewController.m */,
			);
			path = VideoPlayerDemo;
			sourceTree = "<group>";
		};
		18963899223261C400295608 /* Frameworks */ = {
			isa = PBXGroup;
			children = (
				1896389B223261C400295608 /* AVFoundation.framework */,
				1896389A223261C400295608 /* AVKit.framework */,
			);
			name = Frameworks;
			sourceTree = "<group>";
		};
/* End PBXGroup section */

/* Begin PBXNativeTarget section */
		1896387D2232616000295608 /* VideoPlayerDemo */ = {
			isa = PBXNativeTarget;
			buildConfigurationList = 189638942232616500295608 /* Build configuration list for PBXNativeTarget "VideoPlayerDemo" */;
			buildPhases = (
				1896387A2232616000295608 /* Sources */,
				1896387B2232616000295608 /* Frameworks */,
				1896387C2232616000295608 /* Resources */,
			);
			buildRules = (
			);
			dependencies = (
			);
			name = VideoPlayerDemo;
			productName = VideoPlayerDemo;
			productReference = 1896387E2232616000295608 /* VideoPlayerDemo.app */;
			productType = "com.apple.product-type.application";
		};
/* End PBXNativeTarget section */

/* Begin PBXProject section */
		189638762232616000295608 /* Project object */ = {
			isa = PBXProject;
			attributes = {
				LastUpgradeCheck = 1010;
				ORGANIZATIONNAME = Apple;
				TargetAttributes = {
					1896387D2232616000295608 = {
						CreatedOnToolsVersion = 10.1;
					};
				};
			};
			buildConfigurationList = 189638792232616000295608 /* Build configuration list for PBXProject "VideoPlayerDemo" */;
			compatibilityVersion = "Xcode 9.3";
			developmentRegion = en;
			hasScannedForEncodings = 0;
			knownRegions = (
				en,
				Base,
			);
			mainGroup = 189638752232616000295608;
			productRefGroup = 1896387F2232616000295608 /* Products */;
			projectDirPath = "";
			projectRoot = "";
			targets = (
				1896387D2232616000295608 /* VideoPlayerDemo */,
			);
		};
/* End PBXProject section */

/* Begin PBXResourcesBuildPhase section */
		1896387C2232616000295608 /* Resources */ = {
			isa = PBXResourcesBuildPhase;
			buildActionMask = 2147483647;
			files = (
				1896388E2232616500295608 /* LaunchScreen.storyboard in Resources */,
				1896388B2232616500295608 /* Assets.xcassets in Resources */,
				189638982232618300295608 /* 3idiotd.mp4 in Resources */,
				189638892232616000295608 /* Main.storyboard in Resources */,
				186926D92237859800A60CF7 /* audio.mp3 in Resources */,
			);
			runOnlyForDeploymentPostprocessing = 0;
		};
/* End PBXResourcesBuildPhase section */

/* Begin PBXSourcesBuildPhase section */
		1896387A2232616000295608 /* Sources */ = {
			isa = PBXSourcesBuildPhase;
			buildActionMask = 2147483647;
			files = (
				186926D7223784E300A60CF7 /* AudioPlayerViewController.m in Sources */,
				189638862232616000295608 /* ViewController.m in Sources */,
				189638912232616500295608 /* main.m in Sources */,
				189638832232616000295608 /* AppDelegate.m in Sources */,
			);
			runOnlyForDeploymentPostprocessing = 0;
		};
/* End PBXSourcesBuildPhase section */

/* Begin PBXVariantGroup section */
		189638872232616000295608 /* Main.storyboard */ = {
			isa = PBXVariantGroup;
			children = (
				189638882232616000295608 /* Base */,
			);
			name = Main.storyboard;
			sourceTree = "<group>";
		};
		1896388C2232616500295608 /* LaunchScreen.storyboard */ = {
			isa = PBXVariantGroup;
			children = (
				1896388D2232616500295608 /* Base */,
			);
			name = LaunchScreen.storyboard;
			sourceTree = "<group>";
		};
/* End PBXVariantGroup section */

/* Begin XCBuildConfiguration section */
		189638922232616500295608 /* Debug */ = {
			isa = XCBuildConfiguration;
			buildSettings = {
				ALWAYS_SEARCH_USER_PATHS = NO;
				CLANG_ANALYZER_NONNULL = YES;
				CLANG_ANALYZER_NUMBER_OBJECT_CONVERSION = YES_AGGRESSIVE;
				CLANG_CXX_LANGUAGE_STANDARD = "gnu++14";
				CLANG_CXX_LIBRARY = "libc++";
				CLANG_ENABLE_MODULES = YES;
				CLANG_ENABLE_OBJC_ARC = YES;
				CLANG_ENABLE_OBJC_WEAK = YES;
				CLANG_WARN_BLOCK_CAPTURE_AUTORELEASING = YES;
				CLANG_WARN_BOOL_CONVERSION = YES;
				CLANG_WARN_COMMA = YES;
				CLANG_WARN_CONSTANT_CONVERSION = YES;
				CLANG_WARN_DEPRECATED_OBJC_IMPLEMENTATIONS = YES;
				CLANG_WARN_DIRECT_OBJC_ISA_USAGE = YES_ERROR;
				CLANG_WARN_DOCUMENTATION_COMMENTS = YES;
				CLANG_WARN_EMPTY_BODY = YES;
				CLANG_WARN_ENUM_CONVERSION = YES;
				CLANG_WARN_INFINITE_RECURSION = YES;
				CLANG_WARN_INT_CONVERSION = YES;
				CLANG_WARN_NON_LITERAL_NULL_CONVERSION = YES;
				CLANG_WARN_OBJC_IMPLICIT_RETAIN_SELF = YES;
				CLANG_WARN_OBJC_LITERAL_CONVERSION = YES;
				CLANG_WARN_OBJC_ROOT_CLASS = YES_ERROR;
				CLANG_WARN_RANGE_LOOP_ANALYSIS = YES;
				CLANG_WARN_STRICT_PROTOTYPES = YES;
				CLANG_WARN_SUSPICIOUS_MOVE = YES;
				CLANG_WARN_UNGUARDED_AVAILABILITY = YES_AGGRESSIVE;
				CLANG_WARN_UNREACHABLE_CODE = YES;
				CLANG_WARN__DUPLICATE_METHOD_MATCH = YES;
				CODE_SIGN_IDENTITY = "iPhone Developer";
				COPY_PHASE_STRIP = NO;
				DEBUG_INFORMATION_FORMAT = dwarf;
				ENABLE_STRICT_OBJC_MSGSEND = YES;
				ENABLE_TESTABILITY = YES;
				GCC_C_LANGUAGE_STANDARD = gnu11;
				GCC_DYNAMIC_NO_PIC = NO;
				GCC_NO_COMMON_BLOCKS = YES;
				GCC_OPTIMIZATION_LEVEL = 0;
				GCC_PREPROCESSOR_DEFINITIONS = (
					"DEBUG=1",
					"$(inherited)",
				);
				GCC_WARN_64_TO_32_BIT_CONVERSION = YES;
				GCC_WARN_ABOUT_RETURN_TYPE = YES_ERROR;
				GCC_WARN_UNDECLARED_SELECTOR = YES;
				GCC_WARN_UNINITIALIZED_AUTOS = YES_AGGRESSIVE;
				GCC_WARN_UNUSED_FUNCTION = YES;
				GCC_WARN_UNUSED_VARIABLE = YES;
				IPHONEOS_DEPLOYMENT_TARGET = 12.1;
				MTL_ENABLE_DEBUG_INFO = INCLUDE_SOURCE;
				MTL_FAST_MATH = YES;
				ONLY_ACTIVE_ARCH = YES;
				SDKROOT = iphoneos;
			};
			name = Debug;
		};
		189638932232616500295608 /* Release */ = {
			isa = XCBuildConfiguration;
			buildSettings = {
				ALWAYS_SEARCH_USER_PATHS = NO;
				CLANG_ANALYZER_NONNULL = YES;
				CLANG_ANALYZER_NUMBER_OBJECT_CONVERSION = YES_AGGRESSIVE;
				CLANG_CXX_LANGUAGE_STANDARD = "gnu++14";
				CLANG_CXX_LIBRARY = "libc++";
				CLANG_ENABLE_MODULES = YES;
				CLANG_ENABLE_OBJC_ARC = YES;
				CLANG_ENABLE_OBJC_WEAK = YES;
				CLANG_WARN_BLOCK_CAPTURE_AUTORELEASING = YES;
				CLANG_WARN_BOOL_CONVERSION = YES;
				CLANG_WARN_COMMA = YES;
				CLANG_WARN_CONSTANT_CONVERSION = YES;
				CLANG_WARN_DEPRECATED_OBJC_IMPLEMENTATIONS = YES;
				CLANG_WARN_DIRECT_OBJC_ISA_USAGE = YES_ERROR;
				CLANG_WARN_DOCUMENTATION_COMMENTS = YES;
				CLANG_WARN_EMPTY_BODY = YES;
				CLANG_WARN_ENUM_CONVERSION = YES;
				CLANG_WARN_INFINITE_RECURSION = YES;
				CLANG_WARN_INT_CONVERSION = YES;
				CLANG_WARN_NON_LITERAL_NULL_CONVERSION = YES;
				CLANG_WARN_OBJC_IMPLICIT_RETAIN_SELF = YES;
				CLANG_WARN_OBJC_LITERAL_CONVERSION = YES;
				CLANG_WARN_OBJC_ROOT_CLASS = YES_ERROR;
				CLANG_WARN_RANGE_LOOP_ANALYSIS = YES;
				CLANG_WARN_STRICT_PROTOTYPES = YES;
				CLANG_WARN_SUSPICIOUS_MOVE = YES;
				CLANG_WARN_UNGUARDED_AVAILABILITY = YES_AGGRESSIVE;
				CLANG_WARN_UNREACHABLE_CODE = YES;
				CLANG_WARN__DUPLICATE_METHOD_MATCH = YES;
				CODE_SIGN_IDENTITY = "iPhone Developer";
				COPY_PHASE_STRIP = NO;
				DEBUG_INFORMATION_FORMAT = "dwarf-with-dsym";
				ENABLE_NS_ASSERTIONS = NO;
				ENABLE_STRICT_OBJC_MSGSEND = YES;
				GCC_C_LANGUAGE_STANDARD = gnu11;
				GCC_NO_COMMON_BLOCKS = YES;
				GCC_WARN_64_TO_32_BIT_CONVERSION = YES;
				GCC_WARN_ABOUT_RETURN_TYPE = YES_ERROR;
				GCC_WARN_UNDECLARED_SELECTOR = YES;
				GCC_WARN_UNINITIALIZED_AUTOS = YES_AGGRESSIVE;
				GCC_WARN_UNUSED_FUNCTION = YES;
				GCC_WARN_UNUSED_VARIABLE = YES;
				IPHONEOS_DEPLOYMENT_TARGET = 12.1;
				MTL_ENABLE_DEBUG_INFO = NO;
				MTL_FAST_MATH = YES;
				SDKROOT = iphoneos;
				VALIDATE_PRODUCT = YES;
			};
			name = Release;
		};
		189638952232616500295608 /* Debug */ = {
			isa = XCBuildConfiguration;
			buildSettings = {
				ASSETCATALOG_COMPILER_APPICON_NAME = AppIcon;
				CODE_SIGN_STYLE = Automatic;
				DEVELOPMENT_TEAM = PHWDGYX98M;
				INFOPLIST_FILE = VideoPlayerDemo/Info.plist;
				LD_RUNPATH_SEARCH_PATHS = (
					"$(inherited)",
					"@executable_path/Frameworks",
				);
				PRODUCT_BUNDLE_IDENTIFIER = com.app.VideoPlayerDemo;
				PRODUCT_NAME = "$(TARGET_NAME)";
				TARGETED_DEVICE_FAMILY = "1,2";
			};
			name = Debug;
		};
		189638962232616500295608 /* Release */ = {
			isa = XCBuildConfiguration;
			buildSettings = {
				ASSETCATALOG_COMPILER_APPICON_NAME = AppIcon;
				CODE_SIGN_STYLE = Automatic;
				DEVELOPMENT_TEAM = PHWDGYX98M;
				INFOPLIST_FILE = VideoPlayerDemo/Info.plist;
				LD_RUNPATH_SEARCH_PATHS = (
					"$(inherited)",
					"@executable_path/Frameworks",
				);
				PRODUCT_BUNDLE_IDENTIFIER = com.app.VideoPlayerDemo;
				PRODUCT_NAME = "$(TARGET_NAME)";
				TARGETED_DEVICE_FAMILY = "1,2";
			};
			name = Release;
		};
/* End XCBuildConfiguration section */

/* Begin XCConfigurationList section */
		189638792232616000295608 /* Build configuration list for PBXProject "VideoPlayerDemo" */ = {
			isa = XCConfigurationList;
			buildConfigurations = (
				189638922232616500295608 /* Debug */,
				189638932232616500295608 /* Release */,
			);
			defaultConfigurationIsVisible = 0;
			defaultConfigurationName = Release;
		};
		189638942232616500295608 /* Build configuration list for PBXNativeTarget "VideoPlayerDemo" */ = {
			isa = XCConfigurationList;
			buildConfigurations = (
				189638952232616500295608 /* Debug */,
				189638962232616500295608 /* Release */,
			);
			defaultConfigurationIsVisible = 0;
			defaultConfigurationName = Release;
		};
/* End XCConfigurationList section */
	};
	rootObject = 189638762232616000295608 /* Project object */;
}
